{
  "name": "appUpdate",
  "lockfileVersion": 2,
  "requires": true,
  "packages": {
    "": {
      "devDependencies": {
        "@dcloudio/types": "^2.0.26"
      }
    },
    "node_modules/@dcloudio/types": {
      "version": "2.0.26",
      "resolved": "https://registry.npm.taobao.org/@dcloudio/types/download/@dcloudio/types-2.0.26.tgz?cache=0&sync_timestamp=1617869042705&other_urls=https%3A%2F%2Fregistry.npm.taobao.org%2F%40dcloudio%2Ftypes%2Fdownload%2F%40dcloudio%2Ftypes-2.0.26.tgz",
      "integrity": "sha1-zTfaUTvOqAZ45zZ+vllxPyy95TA=",
      "dev": true
    }
  },
  "dependencies": {
    "@dcloudio/types": {
      "version": "2.0.26",
      "resolved": "https://registry.npm.taobao.org/@dcloudio/types/download/@dcloudio/types-2.0.26.tgz?cache=0&sync_timestamp=1617869042705&other_urls=https%3A%2F%2Fregistry.npm.taobao.org%2F%40dcloudio%2Ftypes%2Fdownload%2F%40dcloudio%2Ftypes-2.0.26.tgz",
      "integrity": "sha1-zTfaUTvOqAZ45zZ+vllxPyy95TA=",
      "dev": true
    }
  }
}
